
Microsoft Visual Studio Solution File, Format Version 12.00
# Visual Studio Version 16
VisualStudioVersion = 16.0.29519.181
MinimumVisualStudioVersion = 10.0.40219.1
Project("{FAE04EC0-301F-11D3-BF4B-00C04F79EFBC}") = "NeuralNetworkLibary", "NeuralNetworkLibary.csproj", "{838EF478-1A4A-4D21-B51B-CA2AE2E0ADDD}"
EndProject
Project("{FAE04EC0-301F-11D3-BF4B-00C04F79EFBC}") = "TestNN", "..\TestNN\TestNN.csproj", "{2D29D5D1-EE7A-468D-97DB-7565D0762A94}"
EndProject
Global
	GlobalSection(SolutionConfigurationPlatforms) = preSolution
		Debug|Any CPU = Debug|Any CPU
		Release|Any CPU = Release|Any CPU
	EndGlobalSection
	GlobalSection(ProjectConfigurationPlatforms) = postSolution
		{838EF478-1A4A-4D21-B51B-CA2AE2E0ADDD}.Debug|Any CPU.ActiveCfg = Debug|Any CPU
		{838EF478-1A4A-4D21-B51B-CA2AE2E0ADDD}.Debug|Any CPU.Build.0 = Debug|Any CPU
		{838EF478-1A4A-4D21-B51B-CA2AE2E0ADDD}.Release|Any CPU.ActiveCfg = Release|Any CPU
		{838EF478-1A4A-4D21-B51B-CA2AE2E0ADDD}.Release|Any CPU.Build.0 = Release|Any CPU
		{2D29D5D1-EE7A-468D-97DB-7565D0762A94}.Debug|Any CPU.ActiveCfg = Debug|Any CPU
		{2D29D5D1-EE7A-468D-97DB-7565D0762A94}.Debug|Any CPU.Build.0 = Debug|Any CPU
		{2D29D5D1-EE7A-468D-97DB-7565D0762A94}.Release|Any CPU.ActiveCfg = Release|Any CPU
		{2D29D5D1-EE7A-468D-97DB-7565D0762A94}.Release|Any CPU.Build.0 = Release|Any CPU
	EndGlobalSection
	GlobalSection(SolutionProperties) = preSolution
		HideSolutionNode = FALSE
	EndGlobalSection
	GlobalSection(ExtensibilityGlobals) = postSolution
		SolutionGuid = {10EB796F-7F7C-493E-8C90-3D1B92434D53}
	EndGlobalSection
EndGlobal
